
Microsoft Visual Studio Solution File, Format Version 12.00
# Visual Studio 15
Project("{FAE04EC0-301F-11D3-BF4B-00C04F79EFBC}") = "Assembly-CSharp", "Assembly-CSharp.csproj", "{6F0999DB-C651-AC8A-F1C1-A7792A8F0F09}"
EndProject
Project("{FAE04EC0-301F-11D3-BF4B-00C04F79EFBC}") = "NavMeshComponents", "NavMeshComponents.csproj", "{E1806B3B-AB96-2C83-63C3-E4839E30909D}"
EndProject
Project("{FAE04EC0-301F-11D3-BF4B-00C04F79EFBC}") = "NavMeshComponentsEditor", "NavMeshComponentsEditor.csproj", "{FED8E236-40B5-FBD5-1E8C-8E16E67A5B16}"
EndProject
Global
	GlobalSection(SolutionConfigurationPlatforms) = preSolution
		Debug|Any CPU = Debug|Any CPU
		Release|Any CPU = Release|Any CPU
	EndGlobalSection
	GlobalSection(ProjectConfigurationPlatforms) = postSolution
		{6F0999DB-C651-AC8A-F1C1-A7792A8F0F09}.Debug|Any CPU.ActiveCfg = Debug|Any CPU
		{6F0999DB-C651-AC8A-F1C1-A7792A8F0F09}.Debug|Any CPU.Build.0 = Debug|Any CPU
		{6F0999DB-C651-AC8A-F1C1-A7792A8F0F09}.Release|Any CPU.ActiveCfg = Release|Any CPU
		{6F0999DB-C651-AC8A-F1C1-A7792A8F0F09}.Release|Any CPU.Build.0 = Release|Any CPU
		{E1806B3B-AB96-2C83-63C3-E4839E30909D}.Debug|Any CPU.ActiveCfg = Debug|Any CPU
		{E1806B3B-AB96-2C83-63C3-E4839E30909D}.Debug|Any CPU.Build.0 = Debug|Any CPU
		{E1806B3B-AB96-2C83-63C3-E4839E30909D}.Release|Any CPU.ActiveCfg = Release|Any CPU
		{E1806B3B-AB96-2C83-63C3-E4839E30909D}.Release|Any CPU.Build.0 = Release|Any CPU
		{FED8E236-40B5-FBD5-1E8C-8E16E67A5B16}.Debug|Any CPU.ActiveCfg = Debug|Any CPU
		{FED8E236-40B5-FBD5-1E8C-8E16E67A5B16}.Debug|Any CPU.Build.0 = Debug|Any CPU
		{FED8E236-40B5-FBD5-1E8C-8E16E67A5B16}.Release|Any CPU.ActiveCfg = Release|Any CPU
		{FED8E236-40B5-FBD5-1E8C-8E16E67A5B16}.Release|Any CPU.Build.0 = Release|Any CPU
	EndGlobalSection
	GlobalSection(SolutionProperties) = preSolution
		HideSolutionNode = FALSE
	EndGlobalSection
EndGlobal
